// !$*UTF8*$!
{
	archiveVersion = 1;
	classes = {
	};
	objectVersion = 46;
	objects = {

/* Begin PBXBuildFile section */
		AD08FF2019B7CCDC00B5AE9A /* MQTooltipView.m in Sources */ = {isa = PBXBuildFile; fileRef = AD08FF1F19B7CCDC00B5AE9A /* MQTooltipView.m */; };
		ADD5C97019B64CAB00D7E6B8 /* Foundation.framework in Frameworks */ = {isa = PBXBuildFile; fileRef = ADD5C96F19B64CAB00D7E6B8 /* Foundation.framework */; };
		ADD5C97219B64CAB00D7E6B8 /* CoreGraphics.framework in Frameworks */ = {isa = PBXBuildFile; fileRef = ADD5C97119B64CAB00D7E6B8 /* CoreGraphics.framework */; };
		ADD5C97419B64CAB00D7E6B8 /* UIKit.framework in Frameworks */ = {isa = PBXBuildFile; fileRef = ADD5C97319B64CAB00D7E6B8 /* UIKit.framework */; };
		ADD5C97A19B64CAB00D7E6B8 /* InfoPlist.strings in Resources */ = {isa = PBXBuildFile; fileRef = ADD5C97819B64CAB00D7E6B8 /* InfoPlist.strings */; };
		ADD5C97C19B64CAB00D7E6B8 /* main.m in Sources */ = {isa = PBXBuildFile; fileRef = ADD5C97B19B64CAB00D7E6B8 /* main.m */; };
		ADD5C98019B64CAB00D7E6B8 /* MQAppDelegate.m in Sources */ = {isa = PBXBuildFile; fileRef = ADD5C97F19B64CAB00D7E6B8 /* MQAppDelegate.m */; };
		ADD5C98219B64CAB00D7E6B8 /* Images.xcassets in Resources */ = {isa = PBXBuildFile; fileRef = ADD5C98119B64CAB00D7E6B8 /* Images.xcassets */; };
		ADD5C98919B64CAB00D7E6B8 /* XCTest.framework in Frameworks */ = {isa = PBXBuildFile; fileRef = ADD5C98819B64CAB00D7E6B8 /* XCTest.framework */; };
		ADD5C98A19B64CAB00D7E6B8 /* Foundation.framework in Frameworks */ = {isa = PBXBuildFile; fileRef = ADD5C96F19B64CAB00D7E6B8 /* Foundation.framework */; };
		ADD5C98B19B64CAB00D7E6B8 /* UIKit.framework in Frameworks */ = {isa = PBXBuildFile; fileRef = ADD5C97319B64CAB00D7E6B8 /* UIKit.framework */; };
		ADD5C99319B64CAB00D7E6B8 /* InfoPlist.strings in Resources */ = {isa = PBXBuildFile; fileRef = ADD5C99119B64CAB00D7E6B8 /* InfoPlist.strings */; };
		ADD5C99519B64CAB00D7E6B8 /* MQValidationExampleTests.m in Sources */ = {isa = PBXBuildFile; fileRef = ADD5C99419B64CAB00D7E6B8 /* MQValidationExampleTests.m */; };
		ADD5C9A619B64DC100D7E6B8 /* MQViewController.m in Sources */ = {isa = PBXBuildFile; fileRef = ADD5C9A519B64DC100D7E6B8 /* MQViewController.m */; };
		ADD5C9AE19B64DFC00D7E6B8 /* MQValidationManager.m in Sources */ = {isa = PBXBuildFile; fileRef = ADD5C9AD19B64DFC00D7E6B8 /* MQValidationManager.m */; };
		ADD5C9D519B6634400D7E6B8 /* CoreTelephony.framework in Frameworks */ = {isa = PBXBuildFile; fileRef = ADD5C9D419B6634400D7E6B8 /* CoreTelephony.framework */; };
/* End PBXBuildFile section */

/* Begin PBXContainerItemProxy section */
		ADD5C98C19B64CAB00D7E6B8 /* PBXContainerItemProxy */ = {
			isa = PBXContainerItemProxy;
			containerPortal = ADD5C96419B64CAB00D7E6B8 /* Project object */;
			proxyType = 1;
			remoteGlobalIDString = ADD5C96B19B64CAB00D7E6B8;
			remoteInfo = MQValidationExample;
		};
/* End PBXContainerItemProxy section */

/* Begin PBXFileReference section */
		AD08FF1E19B7CCDC00B5AE9A /* MQTooltipView.h */ = {isa = PBXFileReference; fileEncoding = 4; lastKnownFileType = sourcecode.c.h; path = MQTooltipView.h; sourceTree = "<group>"; };
		AD08FF1F19B7CCDC00B5AE9A /* MQTooltipView.m */ = {isa = PBXFileReference; fileEncoding = 4; lastKnownFileType = sourcecode.c.objc; path = MQTooltipView.m; sourceTree = "<group>"; };
		ADD5C96C19B64CAB00D7E6B8 /* MQValidationExample.app */ = {isa = PBXFileReference; explicitFileType = wrapper.application; includeInIndex = 0; path = MQValidationExample.app; sourceTree = BUILT_PRODUCTS_DIR; };
		ADD5C96F19B64CAB00D7E6B8 /* Foundation.framework */ = {isa = PBXFileReference; lastKnownFileType = wrapper.framework; name = Foundation.framework; path = System/Library/Frameworks/Foundation.framework; sourceTree = SDKROOT; };
		ADD5C97119B64CAB00D7E6B8 /* CoreGraphics.framework */ = {isa = PBXFileReference; lastKnownFileType = wrapper.framework; name = CoreGraphics.framework; path = System/Library/Frameworks/CoreGraphics.framework; sourceTree = SDKROOT; };
		ADD5C97319B64CAB00D7E6B8 /* UIKit.framework */ = {isa = PBXFileReference; lastKnownFileType = wrapper.framework; name = UIKit.framework; path = System/Library/Frameworks/UIKit.framework; sourceTree = SDKROOT; };
		ADD5C97719B64CAB00D7E6B8 /* MQValidationExample-Info.plist */ = {isa = PBXFileReference; lastKnownFileType = text.plist.xml; path = "MQValidationExample-Info.plist"; sourceTree = "<group>"; };
		ADD5C97919B64CAB00D7E6B8 /* en */ = {isa = PBXFileReference; lastKnownFileType = text.plist.strings; name = en; path = en.lproj/InfoPlist.strings; sourceTree = "<group>"; };
		ADD5C97B19B64CAB00D7E6B8 /* main.m */ = {isa = PBXFileReference; lastKnownFileType = sourcecode.c.objc; path = main.m; sourceTree = "<group>"; };
		ADD5C97D19B64CAB00D7E6B8 /* MQValidationExample-Prefix.pch */ = {isa = PBXFileReference; lastKnownFileType = sourcecode.c.h; path = "MQValidationExample-Prefix.pch"; sourceTree = "<group>"; };
		ADD5C97E19B64CAB00D7E6B8 /* MQAppDelegate.h */ = {isa = PBXFileReference; lastKnownFileType = sourcecode.c.h; path = MQAppDelegate.h; sourceTree = "<group>"; };
		ADD5C97F19B64CAB00D7E6B8 /* MQAppDelegate.m */ = {isa = PBXFileReference; lastKnownFileType = sourcecode.c.objc; path = MQAppDelegate.m; sourceTree = "<group>"; };
		ADD5C98119B64CAB00D7E6B8 /* Images.xcassets */ = {isa = PBXFileReference; lastKnownFileType = folder.assetcatalog; path = Images.xcassets; sourceTree = "<group>"; };
		ADD5C98719B64CAB00D7E6B8 /* MQValidationExampleTests.xctest */ = {isa = PBXFileReference; explicitFileType = wrapper.cfbundle; includeInIndex = 0; path = MQValidationExampleTests.xctest; sourceTree = BUILT_PRODUCTS_DIR; };
		ADD5C98819B64CAB00D7E6B8 /* XCTest.framework */ = {isa = PBXFileReference; lastKnownFileType = wrapper.framework; name = XCTest.framework; path = Library/Frameworks/XCTest.framework; sourceTree = DEVELOPER_DIR; };
		ADD5C99019B64CAB00D7E6B8 /* MQValidationExampleTests-Info.plist */ = {isa = PBXFileReference; lastKnownFileType = text.plist.xml; path = "MQValidationExampleTests-Info.plist"; sourceTree = "<group>"; };
		ADD5C99219B64CAB00D7E6B8 /* en */ = {isa = PBXFileReference; lastKnownFileType = text.plist.strings; name = en; path = en.lproj/InfoPlist.strings; sourceTree = "<group>"; };
		ADD5C99419B64CAB00D7E6B8 /* MQValidationExampleTests.m */ = {isa = PBXFileReference; lastKnownFileType = sourcecode.c.objc; path = MQValidationExampleTests.m; sourceTree = "<group>"; };
		ADD5C9A419B64DC100D7E6B8 /* MQViewController.h */ = {isa = PBXFileReference; fileEncoding = 4; lastKnownFileType = sourcecode.c.h; path = MQViewController.h; sourceTree = "<group>"; };
		ADD5C9A519B64DC100D7E6B8 /* MQViewController.m */ = {isa = PBXFileReference; fileEncoding = 4; lastKnownFileType = sourcecode.c.objc; path = MQViewController.m; sourceTree = "<group>"; };
		ADD5C9AC19B64DFC00D7E6B8 /* MQValidationManager.h */ = {isa = PBXFileReference; fileEncoding = 4; lastKnownFileType = sourcecode.c.h; path = MQValidationManager.h; sourceTree = "<group>"; };
		ADD5C9AD19B64DFC00D7E6B8 /* MQValidationManager.m */ = {isa = PBXFileReference; fileEncoding = 4; lastKnownFileType = sourcecode.c.objc; path = MQValidationManager.m; sourceTree = "<group>"; };
		ADD5C9D419B6634400D7E6B8 /* CoreTelephony.framework */ = {isa = PBXFileReference; lastKnownFileType = wrapper.framework; name = CoreTelephony.framework; path = System/Library/Frameworks/CoreTelephony.framework; sourceTree = SDKROOT; };
/* End PBXFileReference section */

/* Begin PBXFrameworksBuildPhase section */
		ADD5C96919B64CAB00D7E6B8 /* Frameworks */ = {
			isa = PBXFrameworksBuildPhase;
			buildActionMask = 2147483647;
			files = (
				ADD5C9D519B6634400D7E6B8 /* CoreTelephony.framework in Frameworks */,
				ADD5C97219B64CAB00D7E6B8 /* CoreGraphics.framework in Frameworks */,
				ADD5C97419B64CAB00D7E6B8 /* UIKit.framework in Frameworks */,
				ADD5C97019B64CAB00D7E6B8 /* Foundation.framework in Frameworks */,
			);
			runOnlyForDeploymentPostprocessing = 0;
		};
		ADD5C98419B64CAB00D7E6B8 /* Frameworks */ = {
			isa = PBXFrameworksBuildPhase;
			buildActionMask = 2147483647;
			files = (
				ADD5C98919B64CAB00D7E6B8 /* XCTest.framework in Frameworks */,
				ADD5C98B19B64CAB00D7E6B8 /* UIKit.framework in Frameworks */,
				ADD5C98A19B64CAB00D7E6B8 /* Foundation.framework in Frameworks */,
			);
			runOnlyForDeploymentPostprocessing = 0;
		};
/* End PBXFrameworksBuildPhase section */

/* Begin PBXGroup section */
		ADD5C96319B64CAB00D7E6B8 = {
			isa = PBXGroup;
			children = (
				ADD5C9AB19B64DFC00D7E6B8 /* MQValidation */,
				ADD5C97519B64CAB00D7E6B8 /* MQValidationExample */,
				ADD5C98E19B64CAB00D7E6B8 /* MQValidationExampleTests */,
				ADD5C96E19B64CAB00D7E6B8 /* Frameworks */,
				ADD5C96D19B64CAB00D7E6B8 /* Products */,
			);
			sourceTree = "<group>";
		};
		ADD5C96D19B64CAB00D7E6B8 /* Products */ = {
			isa = PBXGroup;
			children = (
				ADD5C96C19B64CAB00D7E6B8 /* MQValidationExample.app */,
				ADD5C98719B64CAB00D7E6B8 /* MQValidationExampleTests.xctest */,
			);
			name = Products;
			sourceTree = "<group>";
		};
		ADD5C96E19B64CAB00D7E6B8 /* Frameworks */ = {
			isa = PBXGroup;
			children = (
				ADD5C9D419B6634400D7E6B8 /* CoreTelephony.framework */,
				ADD5C96F19B64CAB00D7E6B8 /* Foundation.framework */,
				ADD5C97119B64CAB00D7E6B8 /* CoreGraphics.framework */,
				ADD5C97319B64CAB00D7E6B8 /* UIKit.framework */,
				ADD5C98819B64CAB00D7E6B8 /* XCTest.framework */,
			);
			name = Frameworks;
			sourceTree = "<group>";
		};
		ADD5C97519B64CAB00D7E6B8 /* MQValidationExample */ = {
			isa = PBXGroup;
			children = (
				ADD5C98119B64CAB00D7E6B8 /* Images.xcassets */,
				ADD5C97E19B64CAB00D7E6B8 /* MQAppDelegate.h */,
				ADD5C97F19B64CAB00D7E6B8 /* MQAppDelegate.m */,
				ADD5C9A419B64DC100D7E6B8 /* MQViewController.h */,
				ADD5C9A519B64DC100D7E6B8 /* MQViewController.m */,
				ADD5C97619B64CAB00D7E6B8 /* Supporting Files */,
			);
			path = MQValidationExample;
			sourceTree = "<group>";
		};
		ADD5C97619B64CAB00D7E6B8 /* Supporting Files */ = {
			isa = PBXGroup;
			children = (
				ADD5C97719B64CAB00D7E6B8 /* MQValidationExample-Info.plist */,
				ADD5C97819B64CAB00D7E6B8 /* InfoPlist.strings */,
				ADD5C97B19B64CAB00D7E6B8 /* main.m */,
				ADD5C97D19B64CAB00D7E6B8 /* MQValidationExample-Prefix.pch */,
			);
			name = "Supporting Files";
			sourceTree = "<group>";
		};
		ADD5C98E19B64CAB00D7E6B8 /* MQValidationExampleTests */ = {
			isa = PBXGroup;
			children = (
				ADD5C99419B64CAB00D7E6B8 /* MQValidationExampleTests.m */,
				ADD5C98F19B64CAB00D7E6B8 /* Supporting Files */,
			);
			path = MQValidationExampleTests;
			sourceTree = "<group>";
		};
		ADD5C98F19B64CAB00D7E6B8 /* Supporting Files */ = {
			isa = PBXGroup;
			children = (
				ADD5C99019B64CAB00D7E6B8 /* MQValidationExampleTests-Info.plist */,
				ADD5C99119B64CAB00D7E6B8 /* InfoPlist.strings */,
			);
			name = "Supporting Files";
			sourceTree = "<group>";
		};
		ADD5C9AB19B64DFC00D7E6B8 /* MQValidation */ = {
			isa = PBXGroup;
			children = (
				AD08FF1E19B7CCDC00B5AE9A /* MQTooltipView.h */,
				AD08FF1F19B7CCDC00B5AE9A /* MQTooltipView.m */,
				ADD5C9AC19B64DFC00D7E6B8 /* MQValidationManager.h */,
				ADD5C9AD19B64DFC00D7E6B8 /* MQValidationManager.m */,
			);
			name = MQValidation;
			path = ../MQValidation;
			sourceTree = "<group>";
		};
/* End PBXGroup section */

/* Begin PBXNativeTarget section */
		ADD5C96B19B64CAB00D7E6B8 /* MQValidationExample */ = {
			isa = PBXNativeTarget;
			buildConfigurationList = ADD5C99819B64CAB00D7E6B8 /* Build configuration list for PBXNativeTarget "MQValidationExample" */;
			buildPhases = (
				ADD5C96819B64CAB00D7E6B8 /* Sources */,
				ADD5C96919B64CAB00D7E6B8 /* Frameworks */,
				ADD5C96A19B64CAB00D7E6B8 /* Resources */,
			);
			buildRules = (
			);
			dependencies = (
			);
			name = MQValidationExample;
			productName = MQValidationExample;
			productReference = ADD5C96C19B64CAB00D7E6B8 /* MQValidationExample.app */;
			productType = "com.apple.product-type.application";
		};
		ADD5C98619B64CAB00D7E6B8 /* MQValidationExampleTests */ = {
			isa = PBXNativeTarget;
			buildConfigurationList = ADD5C99B19B64CAB00D7E6B8 /* Build configuration list for PBXNativeTarget "MQValidationExampleTests" */;
			buildPhases = (
				ADD5C98319B64CAB00D7E6B8 /* Sources */,
				ADD5C98419B64CAB00D7E6B8 /* Frameworks */,
				ADD5C98519B64CAB00D7E6B8 /* Resources */,
			);
			buildRules = (
			);
			dependencies = (
				ADD5C98D19B64CAB00D7E6B8 /* PBXTargetDependency */,
			);
			name = MQValidationExampleTests;
			productName = MQValidationExampleTests;
			productReference = ADD5C98719B64CAB00D7E6B8 /* MQValidationExampleTests.xctest */;
			productType = "com.apple.product-type.bundle.unit-test";
		};
/* End PBXNativeTarget section */

/* Begin PBXProject section */
		ADD5C96419B64CAB00D7E6B8 /* Project object */ = {
			isa = PBXProject;
			attributes = {
				CLASSPREFIX = MQ;
				LastUpgradeCheck = 0510;
				ORGANIZATIONNAME = "Marqeta, Inc.";
				TargetAttributes = {
					ADD5C98619B64CAB00D7E6B8 = {
						TestTargetID = ADD5C96B19B64CAB00D7E6B8;
					};
				};
			};
			buildConfigurationList = ADD5C96719B64CAB00D7E6B8 /* Build configuration list for PBXProject "MQValidationExample" */;
			compatibilityVersion = "Xcode 3.2";
			developmentRegion = English;
			hasScannedForEncodings = 0;
			knownRegions = (
				en,
			);
			mainGroup = ADD5C96319B64CAB00D7E6B8;
			productRefGroup = ADD5C96D19B64CAB00D7E6B8 /* Products */;
			projectDirPath = "";
			projectRoot = "";
			targets = (
				ADD5C96B19B64CAB00D7E6B8 /* MQValidationExample */,
				ADD5C98619B64CAB00D7E6B8 /* MQValidationExampleTests */,
			);
		};
/* End PBXProject section */

/* Begin PBXResourcesBuildPhase section */
		ADD5C96A19B64CAB00D7E6B8 /* Resources */ = {
			isa = PBXResourcesBuildPhase;
			buildActionMask = 2147483647;
			files = (
				ADD5C97A19B64CAB00D7E6B8 /* InfoPlist.strings in Resources */,
				ADD5C98219B64CAB00D7E6B8 /* Images.xcassets in Resources */,
			);
			runOnlyForDeploymentPostprocessing = 0;
		};
		ADD5C98519B64CAB00D7E6B8 /* Resources */ = {
			isa = PBXResourcesBuildPhase;
			buildActionMask = 2147483647;
			files = (
				ADD5C99319B64CAB00D7E6B8 /* InfoPlist.strings in Resources */,
			);
			runOnlyForDeploymentPostprocessing = 0;
		};
/* End PBXResourcesBuildPhase section */

/* Begin PBXSourcesBuildPhase section */
		ADD5C96819B64CAB00D7E6B8 /* Sources */ = {
			isa = PBXSourcesBuildPhase;
			buildActionMask = 2147483647;
			files = (
				ADD5C9AE19B64DFC00D7E6B8 /* MQValidationManager.m in Sources */,
				AD08FF2019B7CCDC00B5AE9A /* MQTooltipView.m in Sources */,
				ADD5C98019B64CAB00D7E6B8 /* MQAppDelegate.m in Sources */,
				ADD5C9A619B64DC100D7E6B8 /* MQViewController.m in Sources */,
				ADD5C97C19B64CAB00D7E6B8 /* main.m in Sources */,
			);
			runOnlyForDeploymentPostprocessing = 0;
		};
		ADD5C98319B64CAB00D7E6B8 /* Sources */ = {
			isa = PBXSourcesBuildPhase;
			buildActionMask = 2147483647;
			files = (
				ADD5C99519B64CAB00D7E6B8 /* MQValidationExampleTests.m in Sources */,
			);
			runOnlyForDeploymentPostprocessing = 0;
		};
/* End PBXSourcesBuildPhase section */

/* Begin PBXTargetDependency section */
		ADD5C98D19B64CAB00D7E6B8 /* PBXTargetDependency */ = {
			isa = PBXTargetDependency;
			target = ADD5C96B19B64CAB00D7E6B8 /* MQValidationExample */;
			targetProxy = ADD5C98C19B64CAB00D7E6B8 /* PBXContainerItemProxy */;
		};
/* End PBXTargetDependency section */

/* Begin PBXVariantGroup section */
		ADD5C97819B64CAB00D7E6B8 /* InfoPlist.strings */ = {
			isa = PBXVariantGroup;
			children = (
				ADD5C97919B64CAB00D7E6B8 /* en */,
			);
			name = InfoPlist.strings;
			sourceTree = "<group>";
		};
		ADD5C99119B64CAB00D7E6B8 /* InfoPlist.strings */ = {
			isa = PBXVariantGroup;
			children = (
				ADD5C99219B64CAB00D7E6B8 /* en */,
			);
			name = InfoPlist.strings;
			sourceTree = "<group>";
		};
/* End PBXVariantGroup section */

/* Begin XCBuildConfiguration section */
		ADD5C99619B64CAB00D7E6B8 /* Debug */ = {
			isa = XCBuildConfiguration;
			buildSettings = {
				ALWAYS_SEARCH_USER_PATHS = NO;
				CLANG_CXX_LANGUAGE_STANDARD = "gnu++0x";
				CLANG_CXX_LIBRARY = "libc++";
				CLANG_ENABLE_MODULES = YES;
				CLANG_ENABLE_OBJC_ARC = YES;
				CLANG_WARN_BOOL_CONVERSION = YES;
				CLANG_WARN_CONSTANT_CONVERSION = YES;
				CLANG_WARN_DIRECT_OBJC_ISA_USAGE = YES_ERROR;
				CLANG_WARN_EMPTY_BODY = YES;
				CLANG_WARN_ENUM_CONVERSION = YES;
				CLANG_WARN_INT_CONVERSION = YES;
				CLANG_WARN_OBJC_ROOT_CLASS = YES_ERROR;
				CLANG_WARN__DUPLICATE_METHOD_MATCH = YES;
				"CODE_SIGN_IDENTITY[sdk=iphoneos*]" = "iPhone Developer";
				COPY_PHASE_STRIP = NO;
				GCC_C_LANGUAGE_STANDARD = gnu99;
				GCC_DYNAMIC_NO_PIC = NO;
				GCC_OPTIMIZATION_LEVEL = 0;
				GCC_PREPROCESSOR_DEFINITIONS = (
					"DEBUG=1",
					"$(inherited)",
				);
				GCC_SYMBOLS_PRIVATE_EXTERN = NO;
				GCC_WARN_64_TO_32_BIT_CONVERSION = YES;
				GCC_WARN_ABOUT_RETURN_TYPE = YES_ERROR;
				GCC_WARN_UNDECLARED_SELECTOR = YES;
				GCC_WARN_UNINITIALIZED_AUTOS = YES_AGGRESSIVE;
				GCC_WARN_UNUSED_FUNCTION = YES;
				GCC_WARN_UNUSED_VARIABLE = YES;
				IPHONEOS_DEPLOYMENT_TARGET = 7.1;
				ONLY_ACTIVE_ARCH = YES;
				SDKROOT = iphoneos;
				TARGETED_DEVICE_FAMILY = "1,2";
			};
			name = Debug;
		};
		ADD5C99719B64CAB00D7E6B8 /* Release */ = {
			isa = XCBuildConfiguration;
			buildSettings = {
				ALWAYS_SEARCH_USER_PATHS = NO;
				CLANG_CXX_LANGUAGE_STANDARD = "gnu++0x";
				CLANG_CXX_LIBRARY = "libc++";
				CLANG_ENABLE_MODULES = YES;
				CLANG_ENABLE_OBJC_ARC = YES;
				CLANG_WARN_BOOL_CONVERSION = YES;
				CLANG_WARN_CONSTANT_CONVERSION = YES;
				CLANG_WARN_DIRECT_OBJC_ISA_USAGE = YES_ERROR;
				CLANG_WARN_EMPTY_BODY = YES;
				CLANG_WARN_ENUM_CONVERSION = YES;
				CLANG_WARN_INT_CONVERSION = YES;
				CLANG_WARN_OBJC_ROOT_CLASS = YES_ERROR;
				CLANG_WARN__DUPLICATE_METHOD_MATCH = YES;
				"CODE_SIGN_IDENTITY[sdk=iphoneos*]" = "iPhone Developer";
				COPY_PHASE_STRIP = YES;
				ENABLE_NS_ASSERTIONS = NO;
				GCC_C_LANGUAGE_STANDARD = gnu99;
				GCC_WARN_64_TO_32_BIT_CONVERSION = YES;
				GCC_WARN_ABOUT_RETURN_TYPE = YES_ERROR;
				GCC_WARN_UNDECLARED_SELECTOR = YES;
				GCC_WARN_UNINITIALIZED_AUTOS = YES_AGGRESSIVE;
				GCC_WARN_UNUSED_FUNCTION = YES;
				GCC_WARN_UNUSED_VARIABLE = YES;
				IPHONEOS_DEPLOYMENT_TARGET = 7.1;
				SDKROOT = iphoneos;
				TARGETED_DEVICE_FAMILY = "1,2";
				VALIDATE_PRODUCT = YES;
			};
			name = Release;
		};
		ADD5C99919B64CAB00D7E6B8 /* Debug */ = {
			isa = XCBuildConfiguration;
			buildSettings = {
				ASSETCATALOG_COMPILER_APPICON_NAME = AppIcon;
				ASSETCATALOG_COMPILER_LAUNCHIMAGE_NAME = LaunchImage;
				GCC_PRECOMPILE_PREFIX_HEADER = YES;
				GCC_PREFIX_HEADER = "MQValidationExample/MQValidationExample-Prefix.pch";
				INFOPLIST_FILE = "MQValidationExample/MQValidationExample-Info.plist";
				PRODUCT_NAME = "$(TARGET_NAME)";
				WRAPPER_EXTENSION = app;
			};
			name = Debug;
		};
		ADD5C99A19B64CAB00D7E6B8 /* Release */ = {
			isa = XCBuildConfiguration;
			buildSettings = {
				ASSETCATALOG_COMPILER_APPICON_NAME = AppIcon;
				ASSETCATALOG_COMPILER_LAUNCHIMAGE_NAME = LaunchImage;
				GCC_PRECOMPILE_PREFIX_HEADER = YES;
				GCC_PREFIX_HEADER = "MQValidationExample/MQValidationExample-Prefix.pch";
				INFOPLIST_FILE = "MQValidationExample/MQValidationExample-Info.plist";
				PRODUCT_NAME = "$(TARGET_NAME)";
				WRAPPER_EXTENSION = app;
			};
			name = Release;
		};
		ADD5C99C19B64CAB00D7E6B8 /* Debug */ = {
			isa = XCBuildConfiguration;
			buildSettings = {
				BUNDLE_LOADER = "$(BUILT_PRODUCTS_DIR)/MQValidationExample.app/MQValidationExample";
				FRAMEWORK_SEARCH_PATHS = (
					"$(SDKROOT)/Developer/Library/Frameworks",
					"$(inherited)",
					"$(DEVELOPER_FRAMEWORKS_DIR)",
				);
				GCC_PRECOMPILE_PREFIX_HEADER = YES;
				GCC_PREFIX_HEADER = "MQValidationExample/MQValidationExample-Prefix.pch";
				GCC_PREPROCESSOR_DEFINITIONS = (
					"DEBUG=1",
					"$(inherited)",
				);
				INFOPLIST_FILE = "MQValidationExampleTests/MQValidationExampleTests-Info.plist";
				PRODUCT_NAME = "$(TARGET_NAME)";
				TEST_HOST = "$(BUNDLE_LOADER)";
				WRAPPER_EXTENSION = xctest;
			};
			name = Debug;
		};
		ADD5C99D19B64CAB00D7E6B8 /* Release */ = {
			isa = XCBuildConfiguration;
			buildSettings = {
				BUNDLE_LOADER = "$(BUILT_PRODUCTS_DIR)/MQValidationExample.app/MQValidationExample";
				FRAMEWORK_SEARCH_PATHS = (
					"$(SDKROOT)/Developer/Library/Frameworks",
					"$(inherited)",
					"$(DEVELOPER_FRAMEWORKS_DIR)",
				);
				GCC_PRECOMPILE_PREFIX_HEADER = YES;
				GCC_PREFIX_HEADER = "MQValidationExample/MQValidationExample-Prefix.pch";
				INFOPLIST_FILE = "MQValidationExampleTests/MQValidationExampleTests-Info.plist";
				PRODUCT_NAME = "$(TARGET_NAME)";
				TEST_HOST = "$(BUNDLE_LOADER)";
				WRAPPER_EXTENSION = xctest;
			};
			name = Release;
		};
/* End XCBuildConfiguration section */

/* Begin XCConfigurationList section */
		ADD5C96719B64CAB00D7E6B8 /* Build configuration list for PBXProject "MQValidationExample" */ = {
			isa = XCConfigurationList;
			buildConfigurations = (
				ADD5C99619B64CAB00D7E6B8 /* Debug */,
				ADD5C99719B64CAB00D7E6B8 /* Release */,
			);
			defaultConfigurationIsVisible = 0;
			defaultConfigurationName = Release;
		};
		ADD5C99819B64CAB00D7E6B8 /* Build configuration list for PBXNativeTarget "MQValidationExample" */ = {
			isa = XCConfigurationList;
			buildConfigurations = (
				ADD5C99919B64CAB00D7E6B8 /* Debug */,
				ADD5C99A19B64CAB00D7E6B8 /* Release */,
			);
			defaultConfigurationIsVisible = 0;
			defaultConfigurationName = Release;
		};
		ADD5C99B19B64CAB00D7E6B8 /* Build configuration list for PBXNativeTarget "MQValidationExampleTests" */ = {
			isa = XCConfigurationList;
			buildConfigurations = (
				ADD5C99C19B64CAB00D7E6B8 /* Debug */,
				ADD5C99D19B64CAB00D7E6B8 /* Release */,
			);
			defaultConfigurationIsVisible = 0;
			defaultConfigurationName = Release;
		};
/* End XCConfigurationList section */
	};
	rootObject = ADD5C96419B64CAB00D7E6B8 /* Project object */;
}
